
Microsoft Visual Studio Solution File, Format Version 12.00
# Visual Studio 15
VisualStudioVersion = 15.0.27004.2008
MinimumVisualStudioVersion = 10.0.40219.1
Project("{FAE04EC0-301F-11D3-BF4B-00C04F79EFBC}") = "AddressBookApp", "AddressBookApp\AddressBookApp.csproj", "{335E11FB-59FD-4907-8F11-58DA668F7306}"
EndProject
Project("{FAE04EC0-301F-11D3-BF4B-00C04F79EFBC}") = "CsvImportApp", "CsvImportApp\CsvImportApp.csproj", "{98B14B55-DA00-4C89-9A6D-94A8B462EC28}"
EndProject
Global
	GlobalSection(SolutionConfigurationPlatforms) = preSolution
		Debug|Any CPU = Debug|Any CPU
		Release|Any CPU = Release|Any CPU
	EndGlobalSection
	GlobalSection(ProjectConfigurationPlatforms) = postSolution
		{335E11FB-59FD-4907-8F11-58DA668F7306}.Debug|Any CPU.ActiveCfg = Debug|Any CPU
		{335E11FB-59FD-4907-8F11-58DA668F7306}.Debug|Any CPU.Build.0 = Debug|Any CPU
		{335E11FB-59FD-4907-8F11-58DA668F7306}.Release|Any CPU.ActiveCfg = Release|Any CPU
		{335E11FB-59FD-4907-8F11-58DA668F7306}.Release|Any CPU.Build.0 = Release|Any CPU
		{98B14B55-DA00-4C89-9A6D-94A8B462EC28}.Debug|Any CPU.ActiveCfg = Debug|Any CPU
		{98B14B55-DA00-4C89-9A6D-94A8B462EC28}.Debug|Any CPU.Build.0 = Debug|Any CPU
		{98B14B55-DA00-4C89-9A6D-94A8B462EC28}.Release|Any CPU.ActiveCfg = Release|Any CPU
		{98B14B55-DA00-4C89-9A6D-94A8B462EC28}.Release|Any CPU.Build.0 = Release|Any CPU
	EndGlobalSection
	GlobalSection(SolutionProperties) = preSolution
		HideSolutionNode = FALSE
	EndGlobalSection
	GlobalSection(ExtensibilityGlobals) = postSolution
		SolutionGuid = {7259D942-F202-4680-9126-2652134A6A9F}
	EndGlobalSection
EndGlobal
